
Microsoft Visual Studio Solution File, Format Version 12.00
# Visual Studio Version 16
VisualStudioVersion = 16.0.32106.194
MinimumVisualStudioVersion = 10.0.40219.1
Project("{9A19103F-16F7-4668-BE54-9A1E7A4F7556}") = "commerceDomain", "commerceDomain\commerceDomain.csproj", "{16B45B5E-B103-4537-AECF-AD7C6B2532F1}"
EndProject
Global
	GlobalSection(SolutionConfigurationPlatforms) = preSolution
		Debug|Any CPU = Debug|Any CPU
		Release|Any CPU = Release|Any CPU
	EndGlobalSection
	GlobalSection(ProjectConfigurationPlatforms) = postSolution
		{16B45B5E-B103-4537-AECF-AD7C6B2532F1}.Debug|Any CPU.ActiveCfg = Debug|Any CPU
		{16B45B5E-B103-4537-AECF-AD7C6B2532F1}.Debug|Any CPU.Build.0 = Debug|Any CPU
		{16B45B5E-B103-4537-AECF-AD7C6B2532F1}.Release|Any CPU.ActiveCfg = Release|Any CPU
		{16B45B5E-B103-4537-AECF-AD7C6B2532F1}.Release|Any CPU.Build.0 = Release|Any CPU
	EndGlobalSection
	GlobalSection(SolutionProperties) = preSolution
		HideSolutionNode = FALSE
	EndGlobalSection
	GlobalSection(ExtensibilityGlobals) = postSolution
		SolutionGuid = {E89E8D86-E2FB-43A6-9287-5F4A3B1317A9}
	EndGlobalSection
EndGlobal
